
Microsoft Visual Studio Solution File, Format Version 12.00
# Visual Studio 15
VisualStudioVersion = 15.0.27428.2037
MinimumVisualStudioVersion = 10.0.40219.1
Project("{FAE04EC0-301F-11D3-BF4B-00C04F79EFBC}") = "SetGetGo.Sdk", "SetGetGo.Sdk.csproj", "{F14B598C-29BC-45D9-A9E9-5F262E72E5F5}"
EndProject
Project("{FAE04EC0-301F-11D3-BF4B-00C04F79EFBC}") = "SetGetGo.Sdk.Tests", "..\SetGetGo.Sdk.Tests\SetGetGo.Sdk.Tests.csproj", "{B01F1276-EDF0-41AE-A5CA-0A014B86834D}"
EndProject
Global
	GlobalSection(SolutionConfigurationPlatforms) = preSolution
		Debug|Any CPU = Debug|Any CPU
		Release|Any CPU = Release|Any CPU
	EndGlobalSection
	GlobalSection(ProjectConfigurationPlatforms) = postSolution
		{F14B598C-29BC-45D9-A9E9-5F262E72E5F5}.Debug|Any CPU.ActiveCfg = Debug|Any CPU
		{F14B598C-29BC-45D9-A9E9-5F262E72E5F5}.Debug|Any CPU.Build.0 = Debug|Any CPU
		{F14B598C-29BC-45D9-A9E9-5F262E72E5F5}.Release|Any CPU.ActiveCfg = Release|Any CPU
		{F14B598C-29BC-45D9-A9E9-5F262E72E5F5}.Release|Any CPU.Build.0 = Release|Any CPU
		{B01F1276-EDF0-41AE-A5CA-0A014B86834D}.Debug|Any CPU.ActiveCfg = Debug|Any CPU
		{B01F1276-EDF0-41AE-A5CA-0A014B86834D}.Debug|Any CPU.Build.0 = Debug|Any CPU
		{B01F1276-EDF0-41AE-A5CA-0A014B86834D}.Release|Any CPU.ActiveCfg = Release|Any CPU
		{B01F1276-EDF0-41AE-A5CA-0A014B86834D}.Release|Any CPU.Build.0 = Release|Any CPU
	EndGlobalSection
	GlobalSection(SolutionProperties) = preSolution
		HideSolutionNode = FALSE
	EndGlobalSection
	GlobalSection(ExtensibilityGlobals) = postSolution
		SolutionGuid = {3602095E-304C-42CE-B82C-0BB51F61BB27}
	EndGlobalSection
EndGlobal
